
Microsoft Visual Studio Solution File, Format Version 12.00
# Visual Studio Version 17
VisualStudioVersion = 17.0.31903.59
MinimumVisualStudioVersion = 10.0.40219.1
Project("{2150E333-8FDC-42A3-9474-1A3956D46DE8}") = "src", "src", "{8BCC7CC4-1AFD-4E12-AF8F-2FC2032B13FE}"
EndProject
Project("{FAE04EC0-301F-11D3-BF4B-00C04F79EFBC}") = "SpotifyGenreOrganizer", "src\SpotifyGenreOrganizer\SpotifyGenreOrganizer.csproj", "{4D52041A-1CCE-4B72-A44E-E9CADA384C7E}"
EndProject
Project("{FAE04EC0-301F-11D3-BF4B-00C04F79EFBC}") = "SpotifyClientService", "src\SpotifyClientService\SpotifyClientService.csproj", "{20DA2F7E-5AF9-4FBC-B994-891A131504BB}"
EndProject
Project("{FAE04EC0-301F-11D3-BF4B-00C04F79EFBC}") = "SpotifyTools.Domain", "src\SpotifyTools.Domain\SpotifyTools.Domain.csproj", "{879DB53A-C06B-4772-A5C6-F8858547E23C}"
EndProject
Project("{FAE04EC0-301F-11D3-BF4B-00C04F79EFBC}") = "SpotifyTools.Data", "src\SpotifyTools.Data\SpotifyTools.Data.csproj", "{E150ED22-F9BD-4AA1-B30A-A154A8F15DAF}"
EndProject
Project("{FAE04EC0-301F-11D3-BF4B-00C04F79EFBC}") = "SpotifyTools.Sync", "src\SpotifyTools.Sync\SpotifyTools.Sync.csproj", "{6AB149EE-C25C-40E2-BEC1-315C9E6BDBA9}"
EndProject
Project("{FAE04EC0-301F-11D3-BF4B-00C04F79EFBC}") = "SpotifyTools.Analytics", "src\SpotifyTools.Analytics\SpotifyTools.Analytics.csproj", "{796A0B88-2A1C-44BD-A330-4574DD1CC60C}"
EndProject
Project("{FAE04EC0-301F-11D3-BF4B-00C04F79EFBC}") = "SpotifyTools.Web", "src\SpotifyTools.Web\SpotifyTools.Web.csproj", "{1BE91A3A-0F2C-472C-A4B8-5DC6AB86E7A1}"
EndProject
Global
	GlobalSection(SolutionConfigurationPlatforms) = preSolution
		Debug|Any CPU = Debug|Any CPU
		Release|Any CPU = Release|Any CPU
	EndGlobalSection
	GlobalSection(SolutionProperties) = preSolution
		HideSolutionNode = FALSE
	EndGlobalSection
	GlobalSection(ProjectConfigurationPlatforms) = postSolution
		{4D52041A-1CCE-4B72-A44E-E9CADA384C7E}.Debug|Any CPU.ActiveCfg = Debug|Any CPU
		{4D52041A-1CCE-4B72-A44E-E9CADA384C7E}.Debug|Any CPU.Build.0 = Debug|Any CPU
		{4D52041A-1CCE-4B72-A44E-E9CADA384C7E}.Release|Any CPU.ActiveCfg = Release|Any CPU
		{4D52041A-1CCE-4B72-A44E-E9CADA384C7E}.Release|Any CPU.Build.0 = Release|Any CPU
		{20DA2F7E-5AF9-4FBC-B994-891A131504BB}.Debug|Any CPU.ActiveCfg = Debug|Any CPU
		{20DA2F7E-5AF9-4FBC-B994-891A131504BB}.Debug|Any CPU.Build.0 = Debug|Any CPU
		{20DA2F7E-5AF9-4FBC-B994-891A131504BB}.Release|Any CPU.ActiveCfg = Release|Any CPU
		{20DA2F7E-5AF9-4FBC-B994-891A131504BB}.Release|Any CPU.Build.0 = Release|Any CPU
		{879DB53A-C06B-4772-A5C6-F8858547E23C}.Debug|Any CPU.ActiveCfg = Debug|Any CPU
		{879DB53A-C06B-4772-A5C6-F8858547E23C}.Debug|Any CPU.Build.0 = Debug|Any CPU
		{879DB53A-C06B-4772-A5C6-F8858547E23C}.Release|Any CPU.ActiveCfg = Release|Any CPU
		{879DB53A-C06B-4772-A5C6-F8858547E23C}.Release|Any CPU.Build.0 = Release|Any CPU
		{E150ED22-F9BD-4AA1-B30A-A154A8F15DAF}.Debug|Any CPU.ActiveCfg = Debug|Any CPU
		{E150ED22-F9BD-4AA1-B30A-A154A8F15DAF}.Debug|Any CPU.Build.0 = Debug|Any CPU
		{E150ED22-F9BD-4AA1-B30A-A154A8F15DAF}.Release|Any CPU.ActiveCfg = Release|Any CPU
		{E150ED22-F9BD-4AA1-B30A-A154A8F15DAF}.Release|Any CPU.Build.0 = Release|Any CPU
		{6AB149EE-C25C-40E2-BEC1-315C9E6BDBA9}.Debug|Any CPU.ActiveCfg = Debug|Any CPU
		{6AB149EE-C25C-40E2-BEC1-315C9E6BDBA9}.Debug|Any CPU.Build.0 = Debug|Any CPU
		{6AB149EE-C25C-40E2-BEC1-315C9E6BDBA9}.Release|Any CPU.ActiveCfg = Release|Any CPU
		{6AB149EE-C25C-40E2-BEC1-315C9E6BDBA9}.Release|Any CPU.Build.0 = Release|Any CPU
		{796A0B88-2A1C-44BD-A330-4574DD1CC60C}.Debug|Any CPU.ActiveCfg = Debug|Any CPU
		{796A0B88-2A1C-44BD-A330-4574DD1CC60C}.Debug|Any CPU.Build.0 = Debug|Any CPU
		{796A0B88-2A1C-44BD-A330-4574DD1CC60C}.Release|Any CPU.ActiveCfg = Release|Any CPU
		{796A0B88-2A1C-44BD-A330-4574DD1CC60C}.Release|Any CPU.Build.0 = Release|Any CPU
		{1BE91A3A-0F2C-472C-A4B8-5DC6AB86E7A1}.Debug|Any CPU.ActiveCfg = Debug|Any CPU
		{1BE91A3A-0F2C-472C-A4B8-5DC6AB86E7A1}.Debug|Any CPU.Build.0 = Debug|Any CPU
		{1BE91A3A-0F2C-472C-A4B8-5DC6AB86E7A1}.Release|Any CPU.ActiveCfg = Release|Any CPU
		{1BE91A3A-0F2C-472C-A4B8-5DC6AB86E7A1}.Release|Any CPU.Build.0 = Release|Any CPU
	EndGlobalSection
	GlobalSection(NestedProjects) = preSolution
		{4D52041A-1CCE-4B72-A44E-E9CADA384C7E} = {8BCC7CC4-1AFD-4E12-AF8F-2FC2032B13FE}
		{20DA2F7E-5AF9-4FBC-B994-891A131504BB} = {8BCC7CC4-1AFD-4E12-AF8F-2FC2032B13FE}
		{879DB53A-C06B-4772-A5C6-F8858547E23C} = {8BCC7CC4-1AFD-4E12-AF8F-2FC2032B13FE}
		{E150ED22-F9BD-4AA1-B30A-A154A8F15DAF} = {8BCC7CC4-1AFD-4E12-AF8F-2FC2032B13FE}
		{6AB149EE-C25C-40E2-BEC1-315C9E6BDBA9} = {8BCC7CC4-1AFD-4E12-AF8F-2FC2032B13FE}
		{796A0B88-2A1C-44BD-A330-4574DD1CC60C} = {8BCC7CC4-1AFD-4E12-AF8F-2FC2032B13FE}
		{1BE91A3A-0F2C-472C-A4B8-5DC6AB86E7A1} = {8BCC7CC4-1AFD-4E12-AF8F-2FC2032B13FE}
	EndGlobalSection
EndGlobal
